// !$*UTF8*$!
{
	archiveVersion = 1;
	classes = {
	};
	objectVersion = 56;
	objects = {

/* Begin PBXBuildFile section */
		7151204C29F7942400E7F394 /* DevoteApp.swift in Sources */ = {isa = PBXBuildFile; fileRef = 7151204B29F7942400E7F394 /* DevoteApp.swift */; };
		7151204E29F7942400E7F394 /* ContentView.swift in Sources */ = {isa = PBXBuildFile; fileRef = 7151204D29F7942400E7F394 /* ContentView.swift */; };
		7151205029F7942500E7F394 /* Assets.xcassets in Resources */ = {isa = PBXBuildFile; fileRef = 7151204F29F7942500E7F394 /* Assets.xcassets */; };
		7151205329F7942500E7F394 /* Preview Assets.xcassets in Resources */ = {isa = PBXBuildFile; fileRef = 7151205229F7942500E7F394 /* Preview Assets.xcassets */; };
		7151205529F7942500E7F394 /* Persistence.swift in Sources */ = {isa = PBXBuildFile; fileRef = 7151205429F7942500E7F394 /* Persistence.swift */; };
		7151205829F7942500E7F394 /* Devote.xcdatamodeld in Sources */ = {isa = PBXBuildFile; fileRef = 7151205629F7942500E7F394 /* Devote.xcdatamodeld */; };
		7151206129F794E100E7F394 /* sound-ding.mp3 in Resources */ = {isa = PBXBuildFile; fileRef = 7151205E29F794E100E7F394 /* sound-ding.mp3 */; };
		7151206229F794E100E7F394 /* sound-tap.mp3 in Resources */ = {isa = PBXBuildFile; fileRef = 7151205F29F794E100E7F394 /* sound-tap.mp3 */; };
		7151206329F794E100E7F394 /* sound-rise.mp3 in Resources */ = {isa = PBXBuildFile; fileRef = 7151206029F794E100E7F394 /* sound-rise.mp3 */; };
		7151207029F7B17400E7F394 /* Constant.swift in Sources */ = {isa = PBXBuildFile; fileRef = 7151206F29F7B17400E7F394 /* Constant.swift */; };
		7151207229F7B72000E7F394 /* HideKeyboardExtension.swift in Sources */ = {isa = PBXBuildFile; fileRef = 7151207129F7B72000E7F394 /* HideKeyboardExtension.swift */; };
		7151207429F7BBA900E7F394 /* BackgroundImageView.swift in Sources */ = {isa = PBXBuildFile; fileRef = 7151207329F7BBA900E7F394 /* BackgroundImageView.swift */; };
		7151207629F7BEA300E7F394 /* NewTaskItemView.swift in Sources */ = {isa = PBXBuildFile; fileRef = 7151207529F7BEA300E7F394 /* NewTaskItemView.swift */; };
		7151207829F7C3F400E7F394 /* BlankView.swift in Sources */ = {isa = PBXBuildFile; fileRef = 7151207729F7C3F400E7F394 /* BlankView.swift */; };
		7151207A29F7F6E900E7F394 /* ListRowItemView.swift in Sources */ = {isa = PBXBuildFile; fileRef = 7151207929F7F6E900E7F394 /* ListRowItemView.swift */; };
		7151207C29F7F8CE00E7F394 /* CheckboxStyle.swift in Sources */ = {isa = PBXBuildFile; fileRef = 7151207B29F7F8CE00E7F394 /* CheckboxStyle.swift */; };
		7151207E29F7FDF600E7F394 /* SoundPlayer.swift in Sources */ = {isa = PBXBuildFile; fileRef = 7151207D29F7FDF600E7F394 /* SoundPlayer.swift */; };
/* End PBXBuildFile section */

/* Begin PBXFileReference section */
		7151204829F7942400E7F394 /* Devote.app */ = {isa = PBXFileReference; explicitFileType = wrapper.application; includeInIndex = 0; path = Devote.app; sourceTree = BUILT_PRODUCTS_DIR; };
		7151204B29F7942400E7F394 /* DevoteApp.swift */ = {isa = PBXFileReference; lastKnownFileType = sourcecode.swift; path = DevoteApp.swift; sourceTree = "<group>"; };
		7151204D29F7942400E7F394 /* ContentView.swift */ = {isa = PBXFileReference; lastKnownFileType = sourcecode.swift; path = ContentView.swift; sourceTree = "<group>"; };
		7151204F29F7942500E7F394 /* Assets.xcassets */ = {isa = PBXFileReference; lastKnownFileType = folder.assetcatalog; path = Assets.xcassets; sourceTree = "<group>"; };
		7151205229F7942500E7F394 /* Preview Assets.xcassets */ = {isa = PBXFileReference; lastKnownFileType = folder.assetcatalog; path = "Preview Assets.xcassets"; sourceTree = "<group>"; };
		7151205429F7942500E7F394 /* Persistence.swift */ = {isa = PBXFileReference; lastKnownFileType = sourcecode.swift; path = Persistence.swift; sourceTree = "<group>"; };
		7151205729F7942500E7F394 /* Devote.xcdatamodel */ = {isa = PBXFileReference; lastKnownFileType = wrapper.xcdatamodel; path = Devote.xcdatamodel; sourceTree = "<group>"; };
		7151205E29F794E100E7F394 /* sound-ding.mp3 */ = {isa = PBXFileReference; lastKnownFileType = audio.mp3; path = "sound-ding.mp3"; sourceTree = "<group>"; };
		7151205F29F794E100E7F394 /* sound-tap.mp3 */ = {isa = PBXFileReference; lastKnownFileType = audio.mp3; path = "sound-tap.mp3"; sourceTree = "<group>"; };
		7151206029F794E100E7F394 /* sound-rise.mp3 */ = {isa = PBXFileReference; lastKnownFileType = audio.mp3; path = "sound-rise.mp3"; sourceTree = "<group>"; };
		7151206A29F7962000E7F394 /* Info.plist */ = {isa = PBXFileReference; lastKnownFileType = text.plist; path = Info.plist; sourceTree = "<group>"; };
		7151206F29F7B17400E7F394 /* Constant.swift */ = {isa = PBXFileReference; lastKnownFileType = sourcecode.swift; path = Constant.swift; sourceTree = "<group>"; };
		7151207129F7B72000E7F394 /* HideKeyboardExtension.swift */ = {isa = PBXFileReference; lastKnownFileType = sourcecode.swift; path = HideKeyboardExtension.swift; sourceTree = "<group>"; };
		7151207329F7BBA900E7F394 /* BackgroundImageView.swift */ = {isa = PBXFileReference; lastKnownFileType = sourcecode.swift; path = BackgroundImageView.swift; sourceTree = "<group>"; };
		7151207529F7BEA300E7F394 /* NewTaskItemView.swift */ = {isa = PBXFileReference; lastKnownFileType = sourcecode.swift; path = NewTaskItemView.swift; sourceTree = "<group>"; };
		7151207729F7C3F400E7F394 /* BlankView.swift */ = {isa = PBXFileReference; lastKnownFileType = sourcecode.swift; path = BlankView.swift; sourceTree = "<group>"; };
		7151207929F7F6E900E7F394 /* ListRowItemView.swift */ = {isa = PBXFileReference; lastKnownFileType = sourcecode.swift; path = ListRowItemView.swift; sourceTree = "<group>"; };
		7151207B29F7F8CE00E7F394 /* CheckboxStyle.swift */ = {isa = PBXFileReference; lastKnownFileType = sourcecode.swift; path = CheckboxStyle.swift; sourceTree = "<group>"; };
		7151207D29F7FDF600E7F394 /* SoundPlayer.swift */ = {isa = PBXFileReference; lastKnownFileType = sourcecode.swift; path = SoundPlayer.swift; sourceTree = "<group>"; };
/* End PBXFileReference section */

/* Begin PBXFrameworksBuildPhase section */
		7151204529F7942400E7F394 /* Frameworks */ = {
			isa = PBXFrameworksBuildPhase;
			buildActionMask = 2147483647;
			files = (
			);
			runOnlyForDeploymentPostprocessing = 0;
		};
/* End PBXFrameworksBuildPhase section */

/* Begin PBXGroup section */
		7151203F29F7942400E7F394 = {
			isa = PBXGroup;
			children = (
				7151204A29F7942400E7F394 /* Devote */,
				7151204929F7942400E7F394 /* Products */,
			);
			sourceTree = "<group>";
		};
		7151204929F7942400E7F394 /* Products */ = {
			isa = PBXGroup;
			children = (
				7151204829F7942400E7F394 /* Devote.app */,
			);
			name = Products;
			sourceTree = "<group>";
		};
		7151204A29F7942400E7F394 /* Devote */ = {
			isa = PBXGroup;
			children = (
				7151206A29F7962000E7F394 /* Info.plist */,
				7151204B29F7942400E7F394 /* DevoteApp.swift */,
				7151206529F7950300E7F394 /* View */,
				7151206929F7954200E7F394 /* Model */,
				7151206829F7952E00E7F394 /* Style */,
				7151206729F7951D00E7F394 /* Utility */,
				7151206629F7951300E7F394 /* Extension */,
				7151206429F794F700E7F394 /* Sound */,
				7151204F29F7942500E7F394 /* Assets.xcassets */,
				7151205129F7942500E7F394 /* Preview Content */,
			);
			path = Devote;
			sourceTree = "<group>";
		};
		7151205129F7942500E7F394 /* Preview Content */ = {
			isa = PBXGroup;
			children = (
				7151205229F7942500E7F394 /* Preview Assets.xcassets */,
			);
			path = "Preview Content";
			sourceTree = "<group>";
		};
		7151206429F794F700E7F394 /* Sound */ = {
			isa = PBXGroup;
			children = (
				7151205E29F794E100E7F394 /* sound-ding.mp3 */,
				7151206029F794E100E7F394 /* sound-rise.mp3 */,
				7151205F29F794E100E7F394 /* sound-tap.mp3 */,
			);
			path = Sound;
			sourceTree = "<group>";
		};
		7151206529F7950300E7F394 /* View */ = {
			isa = PBXGroup;
			children = (
				7151204D29F7942400E7F394 /* ContentView.swift */,
				7151207329F7BBA900E7F394 /* BackgroundImageView.swift */,
				7151207529F7BEA300E7F394 /* NewTaskItemView.swift */,
				7151207729F7C3F400E7F394 /* BlankView.swift */,
				7151207929F7F6E900E7F394 /* ListRowItemView.swift */,
			);
			path = View;
			sourceTree = "<group>";
		};
		7151206629F7951300E7F394 /* Extension */ = {
			isa = PBXGroup;
			children = (
				7151207129F7B72000E7F394 /* HideKeyboardExtension.swift */,
			);
			path = Extension;
			sourceTree = "<group>";
		};
		7151206729F7951D00E7F394 /* Utility */ = {
			isa = PBXGroup;
			children = (
				7151206F29F7B17400E7F394 /* Constant.swift */,
				7151207D29F7FDF600E7F394 /* SoundPlayer.swift */,
			);
			path = Utility;
			sourceTree = "<group>";
		};
		7151206829F7952E00E7F394 /* Style */ = {
			isa = PBXGroup;
			children = (
				7151207B29F7F8CE00E7F394 /* CheckboxStyle.swift */,
			);
			path = Style;
			sourceTree = "<group>";
		};
		7151206929F7954200E7F394 /* Model */ = {
			isa = PBXGroup;
			children = (
				7151205429F7942500E7F394 /* Persistence.swift */,
				7151205629F7942500E7F394 /* Devote.xcdatamodeld */,
			);
			path = Model;
			sourceTree = "<group>";
		};
/* End PBXGroup section */

/* Begin PBXNativeTarget section */
		7151204729F7942400E7F394 /* Devote */ = {
			isa = PBXNativeTarget;
			buildConfigurationList = 7151205B29F7942500E7F394 /* Build configuration list for PBXNativeTarget "Devote" */;
			buildPhases = (
				7151204429F7942400E7F394 /* Sources */,
				7151204529F7942400E7F394 /* Frameworks */,
				7151204629F7942400E7F394 /* Resources */,
			);
			buildRules = (
			);
			dependencies = (
			);
			name = Devote;
			productName = Devote;
			productReference = 7151204829F7942400E7F394 /* Devote.app */;
			productType = "com.apple.product-type.application";
		};
/* End PBXNativeTarget section */

/* Begin PBXProject section */
		7151204029F7942400E7F394 /* Project object */ = {
			isa = PBXProject;
			attributes = {
				BuildIndependentTargetsInParallel = 1;
				LastSwiftUpdateCheck = 1430;
				LastUpgradeCheck = 1430;
				TargetAttributes = {
					7151204729F7942400E7F394 = {
						CreatedOnToolsVersion = 14.3;
					};
				};
			};
			buildConfigurationList = 7151204329F7942400E7F394 /* Build configuration list for PBXProject "Devote" */;
			compatibilityVersion = "Xcode 14.0";
			developmentRegion = en;
			hasScannedForEncodings = 0;
			knownRegions = (
				en,
				Base,
			);
			mainGroup = 7151203F29F7942400E7F394;
			productRefGroup = 7151204929F7942400E7F394 /* Products */;
			projectDirPath = "";
			projectRoot = "";
			targets = (
				7151204729F7942400E7F394 /* Devote */,
			);
		};
/* End PBXProject section */

/* Begin PBXResourcesBuildPhase section */
		7151204629F7942400E7F394 /* Resources */ = {
			isa = PBXResourcesBuildPhase;
			buildActionMask = 2147483647;
			files = (
				7151206329F794E100E7F394 /* sound-rise.mp3 in Resources */,
				7151205329F7942500E7F394 /* Preview Assets.xcassets in Resources */,
				7151205029F7942500E7F394 /* Assets.xcassets in Resources */,
				7151206229F794E100E7F394 /* sound-tap.mp3 in Resources */,
				7151206129F794E100E7F394 /* sound-ding.mp3 in Resources */,
			);
			runOnlyForDeploymentPostprocessing = 0;
		};
/* End PBXResourcesBuildPhase section */

/* Begin PBXSourcesBuildPhase section */
		7151204429F7942400E7F394 /* Sources */ = {
			isa = PBXSourcesBuildPhase;
			buildActionMask = 2147483647;
			files = (
				7151205529F7942500E7F394 /* Persistence.swift in Sources */,
				7151207429F7BBA900E7F394 /* BackgroundImageView.swift in Sources */,
				7151204E29F7942400E7F394 /* ContentView.swift in Sources */,
				7151207229F7B72000E7F394 /* HideKeyboardExtension.swift in Sources */,
				7151207829F7C3F400E7F394 /* BlankView.swift in Sources */,
				7151207029F7B17400E7F394 /* Constant.swift in Sources */,
				7151207A29F7F6E900E7F394 /* ListRowItemView.swift in Sources */,
				7151205829F7942500E7F394 /* Devote.xcdatamodeld in Sources */,
				7151204C29F7942400E7F394 /* DevoteApp.swift in Sources */,
				7151207C29F7F8CE00E7F394 /* CheckboxStyle.swift in Sources */,
				7151207E29F7FDF600E7F394 /* SoundPlayer.swift in Sources */,
				7151207629F7BEA300E7F394 /* NewTaskItemView.swift in Sources */,
			);
			runOnlyForDeploymentPostprocessing = 0;
		};
/* End PBXSourcesBuildPhase section */

/* Begin XCBuildConfiguration section */
		7151205929F7942500E7F394 /* Debug */ = {
			isa = XCBuildConfiguration;
			buildSettings = {
				ALWAYS_SEARCH_USER_PATHS = NO;
				CLANG_ANALYZER_NONNULL = YES;
				CLANG_ANALYZER_NUMBER_OBJECT_CONVERSION = YES_AGGRESSIVE;
				CLANG_CXX_LANGUAGE_STANDARD = "gnu++20";
				CLANG_ENABLE_MODULES = YES;
				CLANG_ENABLE_OBJC_ARC = YES;
				CLANG_ENABLE_OBJC_WEAK = YES;
				CLANG_WARN_BLOCK_CAPTURE_AUTORELEASING = YES;
				CLANG_WARN_BOOL_CONVERSION = YES;
				CLANG_WARN_COMMA = YES;
				CLANG_WARN_CONSTANT_CONVERSION = YES;
				CLANG_WARN_DEPRECATED_OBJC_IMPLEMENTATIONS = YES;
				CLANG_WARN_DIRECT_OBJC_ISA_USAGE = YES_ERROR;
				CLANG_WARN_DOCUMENTATION_COMMENTS = YES;
				CLANG_WARN_EMPTY_BODY = YES;
				CLANG_WARN_ENUM_CONVERSION = YES;
				CLANG_WARN_INFINITE_RECURSION = YES;
				CLANG_WARN_INT_CONVERSION = YES;
				CLANG_WARN_NON_LITERAL_NULL_CONVERSION = YES;
				CLANG_WARN_OBJC_IMPLICIT_RETAIN_SELF = YES;
				CLANG_WARN_OBJC_LITERAL_CONVERSION = YES;
				CLANG_WARN_OBJC_ROOT_CLASS = YES_ERROR;
				CLANG_WARN_QUOTED_INCLUDE_IN_FRAMEWORK_HEADER = YES;
				CLANG_WARN_RANGE_LOOP_ANALYSIS = YES;
				CLANG_WARN_STRICT_PROTOTYPES = YES;
				CLANG_WARN_SUSPICIOUS_MOVE = YES;
				CLANG_WARN_UNGUARDED_AVAILABILITY = YES_AGGRESSIVE;
				CLANG_WARN_UNREACHABLE_CODE = YES;
				CLANG_WARN__DUPLICATE_METHOD_MATCH = YES;
				COPY_PHASE_STRIP = NO;
				DEBUG_INFORMATION_FORMAT = dwarf;
				ENABLE_STRICT_OBJC_MSGSEND = YES;
				ENABLE_TESTABILITY = YES;
				GCC_C_LANGUAGE_STANDARD = gnu11;
				GCC_DYNAMIC_NO_PIC = NO;
				GCC_NO_COMMON_BLOCKS = YES;
				GCC_OPTIMIZATION_LEVEL = 0;
				GCC_PREPROCESSOR_DEFINITIONS = (
					"DEBUG=1",
					"$(inherited)",
				);
				GCC_WARN_64_TO_32_BIT_CONVERSION = YES;
				GCC_WARN_ABOUT_RETURN_TYPE = YES_ERROR;
				GCC_WARN_UNDECLARED_SELECTOR = YES;
				GCC_WARN_UNINITIALIZED_AUTOS = YES_AGGRESSIVE;
				GCC_WARN_UNUSED_FUNCTION = YES;
				GCC_WARN_UNUSED_VARIABLE = YES;
				IPHONEOS_DEPLOYMENT_TARGET = 16.4;
				MTL_ENABLE_DEBUG_INFO = INCLUDE_SOURCE;
				MTL_FAST_MATH = YES;
				ONLY_ACTIVE_ARCH = YES;
				SDKROOT = iphoneos;
				SWIFT_ACTIVE_COMPILATION_CONDITIONS = DEBUG;
				SWIFT_OPTIMIZATION_LEVEL = "-Onone";
			};
			name = Debug;
		};
		7151205A29F7942500E7F394 /* Release */ = {
			isa = XCBuildConfiguration;
			buildSettings = {
				ALWAYS_SEARCH_USER_PATHS = NO;
				CLANG_ANALYZER_NONNULL = YES;
				CLANG_ANALYZER_NUMBER_OBJECT_CONVERSION = YES_AGGRESSIVE;
				CLANG_CXX_LANGUAGE_STANDARD = "gnu++20";
				CLANG_ENABLE_MODULES = YES;
				CLANG_ENABLE_OBJC_ARC = YES;
				CLANG_ENABLE_OBJC_WEAK = YES;
				CLANG_WARN_BLOCK_CAPTURE_AUTORELEASING = YES;
				CLANG_WARN_BOOL_CONVERSION = YES;
				CLANG_WARN_COMMA = YES;
				CLANG_WARN_CONSTANT_CONVERSION = YES;
				CLANG_WARN_DEPRECATED_OBJC_IMPLEMENTATIONS = YES;
				CLANG_WARN_DIRECT_OBJC_ISA_USAGE = YES_ERROR;
				CLANG_WARN_DOCUMENTATION_COMMENTS = YES;
				CLANG_WARN_EMPTY_BODY = YES;
				CLANG_WARN_ENUM_CONVERSION = YES;
				CLANG_WARN_INFINITE_RECURSION = YES;
				CLANG_WARN_INT_CONVERSION = YES;
				CLANG_WARN_NON_LITERAL_NULL_CONVERSION = YES;
				CLANG_WARN_OBJC_IMPLICIT_RETAIN_SELF = YES;
				CLANG_WARN_OBJC_LITERAL_CONVERSION = YES;
				CLANG_WARN_OBJC_ROOT_CLASS = YES_ERROR;
				CLANG_WARN_QUOTED_INCLUDE_IN_FRAMEWORK_HEADER = YES;
				CLANG_WARN_RANGE_LOOP_ANALYSIS = YES;
				CLANG_WARN_STRICT_PROTOTYPES = YES;
				CLANG_WARN_SUSPICIOUS_MOVE = YES;
				CLANG_WARN_UNGUARDED_AVAILABILITY = YES_AGGRESSIVE;
				CLANG_WARN_UNREACHABLE_CODE = YES;
				CLANG_WARN__DUPLICATE_METHOD_MATCH = YES;
				COPY_PHASE_STRIP = NO;
				DEBUG_INFORMATION_FORMAT = "dwarf-with-dsym";
				ENABLE_NS_ASSERTIONS = NO;
				ENABLE_STRICT_OBJC_MSGSEND = YES;
				GCC_C_LANGUAGE_STANDARD = gnu11;
				GCC_NO_COMMON_BLOCKS = YES;
				GCC_WARN_64_TO_32_BIT_CONVERSION = YES;
				GCC_WARN_ABOUT_RETURN_TYPE = YES_ERROR;
				GCC_WARN_UNDECLARED_SELECTOR = YES;
				GCC_WARN_UNINITIALIZED_AUTOS = YES_AGGRESSIVE;
				GCC_WARN_UNUSED_FUNCTION = YES;
				GCC_WARN_UNUSED_VARIABLE = YES;
				IPHONEOS_DEPLOYMENT_TARGET = 16.4;
				MTL_ENABLE_DEBUG_INFO = NO;
				MTL_FAST_MATH = YES;
				SDKROOT = iphoneos;
				SWIFT_COMPILATION_MODE = wholemodule;
				SWIFT_OPTIMIZATION_LEVEL = "-O";
				VALIDATE_PRODUCT = YES;
			};
			name = Release;
		};
		7151205C29F7942500E7F394 /* Debug */ = {
			isa = XCBuildConfiguration;
			buildSettings = {
				ASSETCATALOG_COMPILER_APPICON_NAME = AppIcon;
				ASSETCATALOG_COMPILER_GLOBAL_ACCENT_COLOR_NAME = AccentColor;
				CODE_SIGN_STYLE = Automatic;
				CURRENT_PROJECT_VERSION = 1;
				DEVELOPMENT_ASSET_PATHS = "\"Devote/Preview Content\"";
				DEVELOPMENT_TEAM = G29X5XN89V;
				ENABLE_PREVIEWS = YES;
				GENERATE_INFOPLIST_FILE = YES;
				INFOPLIST_FILE = Devote/Info.plist;
				INFOPLIST_KEY_UIApplicationSceneManifest_Generation = YES;
				INFOPLIST_KEY_UIApplicationSupportsIndirectInputEvents = YES;
				INFOPLIST_KEY_UISupportedInterfaceOrientations = UIInterfaceOrientationPortrait;
				INFOPLIST_KEY_UISupportedInterfaceOrientations_iPad = "UIInterfaceOrientationLandscapeLeft UIInterfaceOrientationLandscapeRight UIInterfaceOrientationPortrait UIInterfaceOrientationPortraitUpsideDown";
				LD_RUNPATH_SEARCH_PATHS = (
					"$(inherited)",
					"@executable_path/Frameworks",
				);
				MARKETING_VERSION = 1.0;
				PRODUCT_BUNDLE_IDENTIFIER = com.owol.Devote;
				PRODUCT_NAME = "$(TARGET_NAME)";
				SWIFT_EMIT_LOC_STRINGS = YES;
				SWIFT_VERSION = 5.0;
				TARGETED_DEVICE_FAMILY = "1,2";
			};
			name = Debug;
		};
		7151205D29F7942500E7F394 /* Release */ = {
			isa = XCBuildConfiguration;
			buildSettings = {
				ASSETCATALOG_COMPILER_APPICON_NAME = AppIcon;
				ASSETCATALOG_COMPILER_GLOBAL_ACCENT_COLOR_NAME = AccentColor;
				CODE_SIGN_STYLE = Automatic;
				CURRENT_PROJECT_VERSION = 1;
				DEVELOPMENT_ASSET_PATHS = "\"Devote/Preview Content\"";
				DEVELOPMENT_TEAM = G29X5XN89V;
				ENABLE_PREVIEWS = YES;
				GENERATE_INFOPLIST_FILE = YES;
				INFOPLIST_FILE = Devote/Info.plist;
				INFOPLIST_KEY_UIApplicationSceneManifest_Generation = YES;
				INFOPLIST_KEY_UIApplicationSupportsIndirectInputEvents = YES;
				INFOPLIST_KEY_UISupportedInterfaceOrientations = UIInterfaceOrientationPortrait;
				INFOPLIST_KEY_UISupportedInterfaceOrientations_iPad = "UIInterfaceOrientationLandscapeLeft UIInterfaceOrientationLandscapeRight UIInterfaceOrientationPortrait UIInterfaceOrientationPortraitUpsideDown";
				LD_RUNPATH_SEARCH_PATHS = (
					"$(inherited)",
					"@executable_path/Frameworks",
				);
				MARKETING_VERSION = 1.0;
				PRODUCT_BUNDLE_IDENTIFIER = com.owol.Devote;
				PRODUCT_NAME = "$(TARGET_NAME)";
				SWIFT_EMIT_LOC_STRINGS = YES;
				SWIFT_VERSION = 5.0;
				TARGETED_DEVICE_FAMILY = "1,2";
			};
			name = Release;
		};
/* End XCBuildConfiguration section */

/* Begin XCConfigurationList section */
		7151204329F7942400E7F394 /* Build configuration list for PBXProject "Devote" */ = {
			isa = XCConfigurationList;
			buildConfigurations = (
				7151205929F7942500E7F394 /* Debug */,
				7151205A29F7942500E7F394 /* Release */,
			);
			defaultConfigurationIsVisible = 0;
			defaultConfigurationName = Release;
		};
		7151205B29F7942500E7F394 /* Build configuration list for PBXNativeTarget "Devote" */ = {
			isa = XCConfigurationList;
			buildConfigurations = (
				7151205C29F7942500E7F394 /* Debug */,
				7151205D29F7942500E7F394 /* Release */,
			);
			defaultConfigurationIsVisible = 0;
			defaultConfigurationName = Release;
		};
/* End XCConfigurationList section */

/* Begin XCVersionGroup section */
		7151205629F7942500E7F394 /* Devote.xcdatamodeld */ = {
			isa = XCVersionGroup;
			children = (
				7151205729F7942500E7F394 /* Devote.xcdatamodel */,
			);
			currentVersion = 7151205729F7942500E7F394 /* Devote.xcdatamodel */;
			path = Devote.xcdatamodeld;
			sourceTree = "<group>";
			versionGroupType = wrapper.xcdatamodel;
		};
/* End XCVersionGroup section */
	};
	rootObject = 7151204029F7942400E7F394 /* Project object */;
}
